
Microsoft Visual Studio Solution File, Format Version 11.00
# Visual C# Express 2010
Project("{FAE04EC0-301F-11D3-BF4B-00C04F79EFBC}") = "Sokoban", "Sokoban\Sokoban.csproj", "{E5B798F6-C475-4FD4-9E96-91A658CC9D4E}"
EndProject
Global
	GlobalSection(SolutionConfigurationPlatforms) = preSolution
		Debug|x86 = Debug|x86
		Release|x86 = Release|x86
	EndGlobalSection
	GlobalSection(ProjectConfigurationPlatforms) = postSolution
		{E5B798F6-C475-4FD4-9E96-91A658CC9D4E}.Debug|x86.ActiveCfg = Debug|x86
		{E5B798F6-C475-4FD4-9E96-91A658CC9D4E}.Debug|x86.Build.0 = Debug|x86
		{E5B798F6-C475-4FD4-9E96-91A658CC9D4E}.Release|x86.ActiveCfg = Release|x86
		{E5B798F6-C475-4FD4-9E96-91A658CC9D4E}.Release|x86.Build.0 = Release|x86
	EndGlobalSection
	GlobalSection(SolutionProperties) = preSolution
		HideSolutionNode = FALSE
	EndGlobalSection
EndGlobal
